# This is a Gradle generated file for dependency locking.
# Manual edits can break the build and are not advised.
# This file is expected to be part of source control.
junit:junit:4.12
net.bytebuddy:byte-buddy-agent:1.9.7
net.bytebuddy:byte-buddy:1.9.7
org.hamcrest:hamcrest-core:1.3
org.jetbrains.kotlin:kotlin-stdlib-common:1.3.72
org.jetbrains.kotlin:kotlin-stdlib-jdk7:1.3.72
org.jetbrains.kotlin:kotlin-stdlib-jdk8:1.3.72
org.jetbrains.kotlin:kotlin-stdlib:1.3.72
org.jetbrains.kotlin:kotlin-test-annotations-common:1.3.72
org.jetbrains.kotlin:kotlin-test-common:1.3.72
org.jetbrains.kotlin:kotlin-test-junit:1.3.72
org.jetbrains.kotlin:kotlin-test:1.3.72
org.jetbrains:annotations:13.0
org.mockito:mockito-core:2.24.0
org.objenesis:objenesis:2.6
org.slf4j:slf4j-api:1.7.25
